
Microsoft Visual Studio Solution File, Format Version 12.00
# Visual Studio Version 16
VisualStudioVersion = 16.0.808.8
MinimumVisualStudioVersion = 10.0.40219.1
Project("{FAE04EC0-301F-11D3-BF4B-00C04F79EFBC}") = "PhoneBook.Core", "PhoneBook.Core\PhoneBook.Core.csproj", "{F4048C14-89D0-44DA-AFC9-4A021C33FFEB}"
EndProject
Project("{FAE04EC0-301F-11D3-BF4B-00C04F79EFBC}") = "PhoneBook.Logic", "PhoneBook.Logic\PhoneBook.Logic.csproj", "{37AD3190-F6A1-4238-9129-FC1815324869}"
EndProject
Project("{FAE04EC0-301F-11D3-BF4B-00C04F79EFBC}") = "PhoneBook.Models", "PhoneBook.Models\PhoneBook.Models.csproj", "{AB190011-6908-4584-9938-31E04EEC745C}"
EndProject
Project("{FAE04EC0-301F-11D3-BF4B-00C04F79EFBC}") = "PhoneBook.Tests", "PhoneBook.Tests\PhoneBook.Tests.csproj", "{932F8977-E7BF-4552-8090-3E55DD68BA60}"
EndProject
Project("{FAE04EC0-301F-11D3-BF4B-00C04F79EFBC}") = "PhoneBook.Ui", "PhoneBook.Ui\PhoneBook.Ui.csproj", "{96917588-ABF0-4777-9B81-F5C2188CFA98}"
EndProject
Global
	GlobalSection(SolutionConfigurationPlatforms) = preSolution
		Debug|Any CPU = Debug|Any CPU
		Release|Any CPU = Release|Any CPU
	EndGlobalSection
	GlobalSection(ProjectConfigurationPlatforms) = postSolution
		{F4048C14-89D0-44DA-AFC9-4A021C33FFEB}.Debug|Any CPU.ActiveCfg = Debug|Any CPU
		{F4048C14-89D0-44DA-AFC9-4A021C33FFEB}.Debug|Any CPU.Build.0 = Debug|Any CPU
		{F4048C14-89D0-44DA-AFC9-4A021C33FFEB}.Release|Any CPU.ActiveCfg = Release|Any CPU
		{F4048C14-89D0-44DA-AFC9-4A021C33FFEB}.Release|Any CPU.Build.0 = Release|Any CPU
		{37AD3190-F6A1-4238-9129-FC1815324869}.Debug|Any CPU.ActiveCfg = Debug|Any CPU
		{37AD3190-F6A1-4238-9129-FC1815324869}.Debug|Any CPU.Build.0 = Debug|Any CPU
		{37AD3190-F6A1-4238-9129-FC1815324869}.Release|Any CPU.ActiveCfg = Release|Any CPU
		{37AD3190-F6A1-4238-9129-FC1815324869}.Release|Any CPU.Build.0 = Release|Any CPU
		{AB190011-6908-4584-9938-31E04EEC745C}.Debug|Any CPU.ActiveCfg = Debug|Any CPU
		{AB190011-6908-4584-9938-31E04EEC745C}.Debug|Any CPU.Build.0 = Debug|Any CPU
		{AB190011-6908-4584-9938-31E04EEC745C}.Release|Any CPU.ActiveCfg = Release|Any CPU
		{AB190011-6908-4584-9938-31E04EEC745C}.Release|Any CPU.Build.0 = Release|Any CPU
		{932F8977-E7BF-4552-8090-3E55DD68BA60}.Debug|Any CPU.ActiveCfg = Debug|Any CPU
		{932F8977-E7BF-4552-8090-3E55DD68BA60}.Debug|Any CPU.Build.0 = Debug|Any CPU
		{932F8977-E7BF-4552-8090-3E55DD68BA60}.Release|Any CPU.ActiveCfg = Release|Any CPU
		{932F8977-E7BF-4552-8090-3E55DD68BA60}.Release|Any CPU.Build.0 = Release|Any CPU
		{96917588-ABF0-4777-9B81-F5C2188CFA98}.Debug|Any CPU.ActiveCfg = Debug|Any CPU
		{96917588-ABF0-4777-9B81-F5C2188CFA98}.Debug|Any CPU.Build.0 = Debug|Any CPU
		{96917588-ABF0-4777-9B81-F5C2188CFA98}.Release|Any CPU.ActiveCfg = Release|Any CPU
		{96917588-ABF0-4777-9B81-F5C2188CFA98}.Release|Any CPU.Build.0 = Release|Any CPU
	EndGlobalSection
	GlobalSection(SolutionProperties) = preSolution
		HideSolutionNode = FALSE
	EndGlobalSection
	GlobalSection(ExtensibilityGlobals) = postSolution
		SolutionGuid = {CEBEC517-91A8-4625-B595-EB93D91E7EEB}
	EndGlobalSection
EndGlobal
